// !$*UTF8*$!
{
	archiveVersion = 1;
	classes = {
	};
	objectVersion = 50;
	objects = {

/* Begin PBXBuildFile section */
		B68E09B62404CF4D00A8F2F0 /* AppDelegate.swift in Sources */ = {isa = PBXBuildFile; fileRef = B68E09B52404CF4D00A8F2F0 /* AppDelegate.swift */; };
		B68E09B82404CF4D00A8F2F0 /* SceneDelegate.swift in Sources */ = {isa = PBXBuildFile; fileRef = B68E09B72404CF4D00A8F2F0 /* SceneDelegate.swift */; };
		B68E09BA2404CF4D00A8F2F0 /* ViewController.swift in Sources */ = {isa = PBXBuildFile; fileRef = B68E09B92404CF4D00A8F2F0 /* ViewController.swift */; };
		B68E09BD2404CF4D00A8F2F0 /* Main.storyboard in Resources */ = {isa = PBXBuildFile; fileRef = B68E09BB2404CF4D00A8F2F0 /* Main.storyboard */; };
		B68E09BF2404CF4F00A8F2F0 /* Assets.xcassets in Resources */ = {isa = PBXBuildFile; fileRef = B68E09BE2404CF4F00A8F2F0 /* Assets.xcassets */; };
		B68E09C22404CF4F00A8F2F0 /* LaunchScreen.storyboard in Resources */ = {isa = PBXBuildFile; fileRef = B68E09C02404CF4F00A8F2F0 /* LaunchScreen.storyboard */; };
		B68E09CD2404CF4F00A8F2F0 /* table_header_layoutTests.swift in Sources */ = {isa = PBXBuildFile; fileRef = B68E09CC2404CF4F00A8F2F0 /* table_header_layoutTests.swift */; };
		B68E09D82404CF4F00A8F2F0 /* table_header_layoutUITests.swift in Sources */ = {isa = PBXBuildFile; fileRef = B68E09D72404CF4F00A8F2F0 /* table_header_layoutUITests.swift */; };
/* End PBXBuildFile section */

/* Begin PBXContainerItemProxy section */
		B68E09C92404CF4F00A8F2F0 /* PBXContainerItemProxy */ = {
			isa = PBXContainerItemProxy;
			containerPortal = B68E09AA2404CF4D00A8F2F0 /* Project object */;
			proxyType = 1;
			remoteGlobalIDString = B68E09B12404CF4D00A8F2F0;
			remoteInfo = "table-header-layout";
		};
		B68E09D42404CF4F00A8F2F0 /* PBXContainerItemProxy */ = {
			isa = PBXContainerItemProxy;
			containerPortal = B68E09AA2404CF4D00A8F2F0 /* Project object */;
			proxyType = 1;
			remoteGlobalIDString = B68E09B12404CF4D00A8F2F0;
			remoteInfo = "table-header-layout";
		};
/* End PBXContainerItemProxy section */

/* Begin PBXFileReference section */
		B68E09B22404CF4D00A8F2F0 /* table-header-layout.app */ = {isa = PBXFileReference; explicitFileType = wrapper.application; includeInIndex = 0; path = "table-header-layout.app"; sourceTree = BUILT_PRODUCTS_DIR; };
		B68E09B52404CF4D00A8F2F0 /* AppDelegate.swift */ = {isa = PBXFileReference; lastKnownFileType = sourcecode.swift; path = AppDelegate.swift; sourceTree = "<group>"; };
		B68E09B72404CF4D00A8F2F0 /* SceneDelegate.swift */ = {isa = PBXFileReference; lastKnownFileType = sourcecode.swift; path = SceneDelegate.swift; sourceTree = "<group>"; };
		B68E09B92404CF4D00A8F2F0 /* ViewController.swift */ = {isa = PBXFileReference; lastKnownFileType = sourcecode.swift; path = ViewController.swift; sourceTree = "<group>"; };
		B68E09BC2404CF4D00A8F2F0 /* Base */ = {isa = PBXFileReference; lastKnownFileType = file.storyboard; name = Base; path = Base.lproj/Main.storyboard; sourceTree = "<group>"; };
		B68E09BE2404CF4F00A8F2F0 /* Assets.xcassets */ = {isa = PBXFileReference; lastKnownFileType = folder.assetcatalog; path = Assets.xcassets; sourceTree = "<group>"; };
		B68E09C12404CF4F00A8F2F0 /* Base */ = {isa = PBXFileReference; lastKnownFileType = file.storyboard; name = Base; path = Base.lproj/LaunchScreen.storyboard; sourceTree = "<group>"; };
		B68E09C32404CF4F00A8F2F0 /* Info.plist */ = {isa = PBXFileReference; lastKnownFileType = text.plist.xml; path = Info.plist; sourceTree = "<group>"; };
		B68E09C82404CF4F00A8F2F0 /* table-header-layoutTests.xctest */ = {isa = PBXFileReference; explicitFileType = wrapper.cfbundle; includeInIndex = 0; path = "table-header-layoutTests.xctest"; sourceTree = BUILT_PRODUCTS_DIR; };
		B68E09CC2404CF4F00A8F2F0 /* table_header_layoutTests.swift */ = {isa = PBXFileReference; lastKnownFileType = sourcecode.swift; path = table_header_layoutTests.swift; sourceTree = "<group>"; };
		B68E09CE2404CF4F00A8F2F0 /* Info.plist */ = {isa = PBXFileReference; lastKnownFileType = text.plist.xml; path = Info.plist; sourceTree = "<group>"; };
		B68E09D32404CF4F00A8F2F0 /* table-header-layoutUITests.xctest */ = {isa = PBXFileReference; explicitFileType = wrapper.cfbundle; includeInIndex = 0; path = "table-header-layoutUITests.xctest"; sourceTree = BUILT_PRODUCTS_DIR; };
		B68E09D72404CF4F00A8F2F0 /* table_header_layoutUITests.swift */ = {isa = PBXFileReference; lastKnownFileType = sourcecode.swift; path = table_header_layoutUITests.swift; sourceTree = "<group>"; };
		B68E09D92404CF4F00A8F2F0 /* Info.plist */ = {isa = PBXFileReference; lastKnownFileType = text.plist.xml; path = Info.plist; sourceTree = "<group>"; };
/* End PBXFileReference section */

/* Begin PBXFrameworksBuildPhase section */
		B68E09AF2404CF4D00A8F2F0 /* Frameworks */ = {
			isa = PBXFrameworksBuildPhase;
			buildActionMask = 2147483647;
			files = (
			);
			runOnlyForDeploymentPostprocessing = 0;
		};
		B68E09C52404CF4F00A8F2F0 /* Frameworks */ = {
			isa = PBXFrameworksBuildPhase;
			buildActionMask = 2147483647;
			files = (
			);
			runOnlyForDeploymentPostprocessing = 0;
		};
		B68E09D02404CF4F00A8F2F0 /* Frameworks */ = {
			isa = PBXFrameworksBuildPhase;
			buildActionMask = 2147483647;
			files = (
			);
			runOnlyForDeploymentPostprocessing = 0;
		};
/* End PBXFrameworksBuildPhase section */

/* Begin PBXGroup section */
		B68E09A92404CF4D00A8F2F0 = {
			isa = PBXGroup;
			children = (
				B68E09B42404CF4D00A8F2F0 /* table-header-layout */,
				B68E09CB2404CF4F00A8F2F0 /* table-header-layoutTests */,
				B68E09D62404CF4F00A8F2F0 /* table-header-layoutUITests */,
				B68E09B32404CF4D00A8F2F0 /* Products */,
			);
			sourceTree = "<group>";
		};
		B68E09B32404CF4D00A8F2F0 /* Products */ = {
			isa = PBXGroup;
			children = (
				B68E09B22404CF4D00A8F2F0 /* table-header-layout.app */,
				B68E09C82404CF4F00A8F2F0 /* table-header-layoutTests.xctest */,
				B68E09D32404CF4F00A8F2F0 /* table-header-layoutUITests.xctest */,
			);
			name = Products;
			sourceTree = "<group>";
		};
		B68E09B42404CF4D00A8F2F0 /* table-header-layout */ = {
			isa = PBXGroup;
			children = (
				B68E09B52404CF4D00A8F2F0 /* AppDelegate.swift */,
				B68E09B72404CF4D00A8F2F0 /* SceneDelegate.swift */,
				B68E09B92404CF4D00A8F2F0 /* ViewController.swift */,
				B68E09BB2404CF4D00A8F2F0 /* Main.storyboard */,
				B68E09BE2404CF4F00A8F2F0 /* Assets.xcassets */,
				B68E09C02404CF4F00A8F2F0 /* LaunchScreen.storyboard */,
				B68E09C32404CF4F00A8F2F0 /* Info.plist */,
			);
			path = "table-header-layout";
			sourceTree = "<group>";
		};
		B68E09CB2404CF4F00A8F2F0 /* table-header-layoutTests */ = {
			isa = PBXGroup;
			children = (
				B68E09CC2404CF4F00A8F2F0 /* table_header_layoutTests.swift */,
				B68E09CE2404CF4F00A8F2F0 /* Info.plist */,
			);
			path = "table-header-layoutTests";
			sourceTree = "<group>";
		};
		B68E09D62404CF4F00A8F2F0 /* table-header-layoutUITests */ = {
			isa = PBXGroup;
			children = (
				B68E09D72404CF4F00A8F2F0 /* table_header_layoutUITests.swift */,
				B68E09D92404CF4F00A8F2F0 /* Info.plist */,
			);
			path = "table-header-layoutUITests";
			sourceTree = "<group>";
		};
/* End PBXGroup section */

/* Begin PBXNativeTarget section */
		B68E09B12404CF4D00A8F2F0 /* table-header-layout */ = {
			isa = PBXNativeTarget;
			buildConfigurationList = B68E09DC2404CF4F00A8F2F0 /* Build configuration list for PBXNativeTarget "table-header-layout" */;
			buildPhases = (
				B68E09AE2404CF4D00A8F2F0 /* Sources */,
				B68E09AF2404CF4D00A8F2F0 /* Frameworks */,
				B68E09B02404CF4D00A8F2F0 /* Resources */,
			);
			buildRules = (
			);
			dependencies = (
			);
			name = "table-header-layout";
			productName = "table-header-layout";
			productReference = B68E09B22404CF4D00A8F2F0 /* table-header-layout.app */;
			productType = "com.apple.product-type.application";
		};
		B68E09C72404CF4F00A8F2F0 /* table-header-layoutTests */ = {
			isa = PBXNativeTarget;
			buildConfigurationList = B68E09DF2404CF4F00A8F2F0 /* Build configuration list for PBXNativeTarget "table-header-layoutTests" */;
			buildPhases = (
				B68E09C42404CF4F00A8F2F0 /* Sources */,
				B68E09C52404CF4F00A8F2F0 /* Frameworks */,
				B68E09C62404CF4F00A8F2F0 /* Resources */,
			);
			buildRules = (
			);
			dependencies = (
				B68E09CA2404CF4F00A8F2F0 /* PBXTargetDependency */,
			);
			name = "table-header-layoutTests";
			productName = "table-header-layoutTests";
			productReference = B68E09C82404CF4F00A8F2F0 /* table-header-layoutTests.xctest */;
			productType = "com.apple.product-type.bundle.unit-test";
		};
		B68E09D22404CF4F00A8F2F0 /* table-header-layoutUITests */ = {
			isa = PBXNativeTarget;
			buildConfigurationList = B68E09E22404CF4F00A8F2F0 /* Build configuration list for PBXNativeTarget "table-header-layoutUITests" */;
			buildPhases = (
				B68E09CF2404CF4F00A8F2F0 /* Sources */,
				B68E09D02404CF4F00A8F2F0 /* Frameworks */,
				B68E09D12404CF4F00A8F2F0 /* Resources */,
			);
			buildRules = (
			);
			dependencies = (
				B68E09D52404CF4F00A8F2F0 /* PBXTargetDependency */,
			);
			name = "table-header-layoutUITests";
			productName = "table-header-layoutUITests";
			productReference = B68E09D32404CF4F00A8F2F0 /* table-header-layoutUITests.xctest */;
			productType = "com.apple.product-type.bundle.ui-testing";
		};
/* End PBXNativeTarget section */

/* Begin PBXProject section */
		B68E09AA2404CF4D00A8F2F0 /* Project object */ = {
			isa = PBXProject;
			attributes = {
				LastSwiftUpdateCheck = 1130;
				LastUpgradeCheck = 1130;
				ORGANIZATIONNAME = hiraoka;
				TargetAttributes = {
					B68E09B12404CF4D00A8F2F0 = {
						CreatedOnToolsVersion = 11.3.1;
					};
					B68E09C72404CF4F00A8F2F0 = {
						CreatedOnToolsVersion = 11.3.1;
						TestTargetID = B68E09B12404CF4D00A8F2F0;
					};
					B68E09D22404CF4F00A8F2F0 = {
						CreatedOnToolsVersion = 11.3.1;
						TestTargetID = B68E09B12404CF4D00A8F2F0;
					};
				};
			};
			buildConfigurationList = B68E09AD2404CF4D00A8F2F0 /* Build configuration list for PBXProject "table-header-layout" */;
			compatibilityVersion = "Xcode 9.3";
			developmentRegion = en;
			hasScannedForEncodings = 0;
			knownRegions = (
				en,
				Base,
			);
			mainGroup = B68E09A92404CF4D00A8F2F0;
			productRefGroup = B68E09B32404CF4D00A8F2F0 /* Products */;
			projectDirPath = "";
			projectRoot = "";
			targets = (
				B68E09B12404CF4D00A8F2F0 /* table-header-layout */,
				B68E09C72404CF4F00A8F2F0 /* table-header-layoutTests */,
				B68E09D22404CF4F00A8F2F0 /* table-header-layoutUITests */,
			);
		};
/* End PBXProject section */

/* Begin PBXResourcesBuildPhase section */
		B68E09B02404CF4D00A8F2F0 /* Resources */ = {
			isa = PBXResourcesBuildPhase;
			buildActionMask = 2147483647;
			files = (
				B68E09C22404CF4F00A8F2F0 /* LaunchScreen.storyboard in Resources */,
				B68E09BF2404CF4F00A8F2F0 /* Assets.xcassets in Resources */,
				B68E09BD2404CF4D00A8F2F0 /* Main.storyboard in Resources */,
			);
			runOnlyForDeploymentPostprocessing = 0;
		};
		B68E09C62404CF4F00A8F2F0 /* Resources */ = {
			isa = PBXResourcesBuildPhase;
			buildActionMask = 2147483647;
			files = (
			);
			runOnlyForDeploymentPostprocessing = 0;
		};
		B68E09D12404CF4F00A8F2F0 /* Resources */ = {
			isa = PBXResourcesBuildPhase;
			buildActionMask = 2147483647;
			files = (
			);
			runOnlyForDeploymentPostprocessing = 0;
		};
/* End PBXResourcesBuildPhase section */

/* Begin PBXSourcesBuildPhase section */
		B68E09AE2404CF4D00A8F2F0 /* Sources */ = {
			isa = PBXSourcesBuildPhase;
			buildActionMask = 2147483647;
			files = (
				B68E09BA2404CF4D00A8F2F0 /* ViewController.swift in Sources */,
				B68E09B62404CF4D00A8F2F0 /* AppDelegate.swift in Sources */,
				B68E09B82404CF4D00A8F2F0 /* SceneDelegate.swift in Sources */,
			);
			runOnlyForDeploymentPostprocessing = 0;
		};
		B68E09C42404CF4F00A8F2F0 /* Sources */ = {
			isa = PBXSourcesBuildPhase;
			buildActionMask = 2147483647;
			files = (
				B68E09CD2404CF4F00A8F2F0 /* table_header_layoutTests.swift in Sources */,
			);
			runOnlyForDeploymentPostprocessing = 0;
		};
		B68E09CF2404CF4F00A8F2F0 /* Sources */ = {
			isa = PBXSourcesBuildPhase;
			buildActionMask = 2147483647;
			files = (
				B68E09D82404CF4F00A8F2F0 /* table_header_layoutUITests.swift in Sources */,
			);
			runOnlyForDeploymentPostprocessing = 0;
		};
/* End PBXSourcesBuildPhase section */

/* Begin PBXTargetDependency section */
		B68E09CA2404CF4F00A8F2F0 /* PBXTargetDependency */ = {
			isa = PBXTargetDependency;
			target = B68E09B12404CF4D00A8F2F0 /* table-header-layout */;
			targetProxy = B68E09C92404CF4F00A8F2F0 /* PBXContainerItemProxy */;
		};
		B68E09D52404CF4F00A8F2F0 /* PBXTargetDependency */ = {
			isa = PBXTargetDependency;
			target = B68E09B12404CF4D00A8F2F0 /* table-header-layout */;
			targetProxy = B68E09D42404CF4F00A8F2F0 /* PBXContainerItemProxy */;
		};
/* End PBXTargetDependency section */

/* Begin PBXVariantGroup section */
		B68E09BB2404CF4D00A8F2F0 /* Main.storyboard */ = {
			isa = PBXVariantGroup;
			children = (
				B68E09BC2404CF4D00A8F2F0 /* Base */,
			);
			name = Main.storyboard;
			sourceTree = "<group>";
		};
		B68E09C02404CF4F00A8F2F0 /* LaunchScreen.storyboard */ = {
			isa = PBXVariantGroup;
			children = (
				B68E09C12404CF4F00A8F2F0 /* Base */,
			);
			name = LaunchScreen.storyboard;
			sourceTree = "<group>";
		};
/* End PBXVariantGroup section */

/* Begin XCBuildConfiguration section */
		B68E09DA2404CF4F00A8F2F0 /* Debug */ = {
			isa = XCBuildConfiguration;
			buildSettings = {
				ALWAYS_SEARCH_USER_PATHS = NO;
				CLANG_ANALYZER_NONNULL = YES;
				CLANG_ANALYZER_NUMBER_OBJECT_CONVERSION = YES_AGGRESSIVE;
				CLANG_CXX_LANGUAGE_STANDARD = "gnu++14";
				CLANG_CXX_LIBRARY = "libc++";
				CLANG_ENABLE_MODULES = YES;
				CLANG_ENABLE_OBJC_ARC = YES;
				CLANG_ENABLE_OBJC_WEAK = YES;
				CLANG_WARN_BLOCK_CAPTURE_AUTORELEASING = YES;
				CLANG_WARN_BOOL_CONVERSION = YES;
				CLANG_WARN_COMMA = YES;
				CLANG_WARN_CONSTANT_CONVERSION = YES;
				CLANG_WARN_DEPRECATED_OBJC_IMPLEMENTATIONS = YES;
				CLANG_WARN_DIRECT_OBJC_ISA_USAGE = YES_ERROR;
				CLANG_WARN_DOCUMENTATION_COMMENTS = YES;
				CLANG_WARN_EMPTY_BODY = YES;
				CLANG_WARN_ENUM_CONVERSION = YES;
				CLANG_WARN_INFINITE_RECURSION = YES;
				CLANG_WARN_INT_CONVERSION = YES;
				CLANG_WARN_NON_LITERAL_NULL_CONVERSION = YES;
				CLANG_WARN_OBJC_IMPLICIT_RETAIN_SELF = YES;
				CLANG_WARN_OBJC_LITERAL_CONVERSION = YES;
				CLANG_WARN_OBJC_ROOT_CLASS = YES_ERROR;
				CLANG_WARN_RANGE_LOOP_ANALYSIS = YES;
				CLANG_WARN_STRICT_PROTOTYPES = YES;
				CLANG_WARN_SUSPICIOUS_MOVE = YES;
				CLANG_WARN_UNGUARDED_AVAILABILITY = YES_AGGRESSIVE;
				CLANG_WARN_UNREACHABLE_CODE = YES;
				CLANG_WARN__DUPLICATE_METHOD_MATCH = YES;
				COPY_PHASE_STRIP = NO;
				DEBUG_INFORMATION_FORMAT = dwarf;
				ENABLE_STRICT_OBJC_MSGSEND = YES;
				ENABLE_TESTABILITY = YES;
				GCC_C_LANGUAGE_STANDARD = gnu11;
				GCC_DYNAMIC_NO_PIC = NO;
				GCC_NO_COMMON_BLOCKS = YES;
				GCC_OPTIMIZATION_LEVEL = 0;
				GCC_PREPROCESSOR_DEFINITIONS = (
					"DEBUG=1",
					"$(inherited)",
				);
				GCC_WARN_64_TO_32_BIT_CONVERSION = YES;
				GCC_WARN_ABOUT_RETURN_TYPE = YES_ERROR;
				GCC_WARN_UNDECLARED_SELECTOR = YES;
				GCC_WARN_UNINITIALIZED_AUTOS = YES_AGGRESSIVE;
				GCC_WARN_UNUSED_FUNCTION = YES;
				GCC_WARN_UNUSED_VARIABLE = YES;
				IPHONEOS_DEPLOYMENT_TARGET = 13.2;
				MTL_ENABLE_DEBUG_INFO = INCLUDE_SOURCE;
				MTL_FAST_MATH = YES;
				ONLY_ACTIVE_ARCH = YES;
				SDKROOT = iphoneos;
				SWIFT_ACTIVE_COMPILATION_CONDITIONS = DEBUG;
				SWIFT_OPTIMIZATION_LEVEL = "-Onone";
			};
			name = Debug;
		};
		B68E09DB2404CF4F00A8F2F0 /* Release */ = {
			isa = XCBuildConfiguration;
			buildSettings = {
				ALWAYS_SEARCH_USER_PATHS = NO;
				CLANG_ANALYZER_NONNULL = YES;
				CLANG_ANALYZER_NUMBER_OBJECT_CONVERSION = YES_AGGRESSIVE;
				CLANG_CXX_LANGUAGE_STANDARD = "gnu++14";
				CLANG_CXX_LIBRARY = "libc++";
				CLANG_ENABLE_MODULES = YES;
				CLANG_ENABLE_OBJC_ARC = YES;
				CLANG_ENABLE_OBJC_WEAK = YES;
				CLANG_WARN_BLOCK_CAPTURE_AUTORELEASING = YES;
				CLANG_WARN_BOOL_CONVERSION = YES;
				CLANG_WARN_COMMA = YES;
				CLANG_WARN_CONSTANT_CONVERSION = YES;
				CLANG_WARN_DEPRECATED_OBJC_IMPLEMENTATIONS = YES;
				CLANG_WARN_DIRECT_OBJC_ISA_USAGE = YES_ERROR;
				CLANG_WARN_DOCUMENTATION_COMMENTS = YES;
				CLANG_WARN_EMPTY_BODY = YES;
				CLANG_WARN_ENUM_CONVERSION = YES;
				CLANG_WARN_INFINITE_RECURSION = YES;
				CLANG_WARN_INT_CONVERSION = YES;
				CLANG_WARN_NON_LITERAL_NULL_CONVERSION = YES;
				CLANG_WARN_OBJC_IMPLICIT_RETAIN_SELF = YES;
				CLANG_WARN_OBJC_LITERAL_CONVERSION = YES;
				CLANG_WARN_OBJC_ROOT_CLASS = YES_ERROR;
				CLANG_WARN_RANGE_LOOP_ANALYSIS = YES;
				CLANG_WARN_STRICT_PROTOTYPES = YES;
				CLANG_WARN_SUSPICIOUS_MOVE = YES;
				CLANG_WARN_UNGUARDED_AVAILABILITY = YES_AGGRESSIVE;
				CLANG_WARN_UNREACHABLE_CODE = YES;
				CLANG_WARN__DUPLICATE_METHOD_MATCH = YES;
				COPY_PHASE_STRIP = NO;
				DEBUG_INFORMATION_FORMAT = "dwarf-with-dsym";
				ENABLE_NS_ASSERTIONS = NO;
				ENABLE_STRICT_OBJC_MSGSEND = YES;
				GCC_C_LANGUAGE_STANDARD = gnu11;
				GCC_NO_COMMON_BLOCKS = YES;
				GCC_WARN_64_TO_32_BIT_CONVERSION = YES;
				GCC_WARN_ABOUT_RETURN_TYPE = YES_ERROR;
				GCC_WARN_UNDECLARED_SELECTOR = YES;
				GCC_WARN_UNINITIALIZED_AUTOS = YES_AGGRESSIVE;
				GCC_WARN_UNUSED_FUNCTION = YES;
				GCC_WARN_UNUSED_VARIABLE = YES;
				IPHONEOS_DEPLOYMENT_TARGET = 13.2;
				MTL_ENABLE_DEBUG_INFO = NO;
				MTL_FAST_MATH = YES;
				SDKROOT = iphoneos;
				SWIFT_COMPILATION_MODE = wholemodule;
				SWIFT_OPTIMIZATION_LEVEL = "-O";
				VALIDATE_PRODUCT = YES;
			};
			name = Release;
		};
		B68E09DD2404CF4F00A8F2F0 /* Debug */ = {
			isa = XCBuildConfiguration;
			buildSettings = {
				ASSETCATALOG_COMPILER_APPICON_NAME = AppIcon;
				CODE_SIGN_STYLE = Automatic;
				DEVELOPMENT_TEAM = 8ER86CP2SB;
				INFOPLIST_FILE = "table-header-layout/Info.plist";
				LD_RUNPATH_SEARCH_PATHS = (
					"$(inherited)",
					"@executable_path/Frameworks",
				);
				PRODUCT_BUNDLE_IDENTIFIER = "com.moca.sample.table-header-layout";
				PRODUCT_NAME = "$(TARGET_NAME)";
				SWIFT_VERSION = 5.0;
				TARGETED_DEVICE_FAMILY = "1,2";
			};
			name = Debug;
		};
		B68E09DE2404CF4F00A8F2F0 /* Release */ = {
			isa = XCBuildConfiguration;
			buildSettings = {
				ASSETCATALOG_COMPILER_APPICON_NAME = AppIcon;
				CODE_SIGN_STYLE = Automatic;
				DEVELOPMENT_TEAM = 8ER86CP2SB;
				INFOPLIST_FILE = "table-header-layout/Info.plist";
				LD_RUNPATH_SEARCH_PATHS = (
					"$(inherited)",
					"@executable_path/Frameworks",
				);
				PRODUCT_BUNDLE_IDENTIFIER = "com.moca.sample.table-header-layout";
				PRODUCT_NAME = "$(TARGET_NAME)";
				SWIFT_VERSION = 5.0;
				TARGETED_DEVICE_FAMILY = "1,2";
			};
			name = Release;
		};
		B68E09E02404CF4F00A8F2F0 /* Debug */ = {
			isa = XCBuildConfiguration;
			buildSettings = {
				ALWAYS_EMBED_SWIFT_STANDARD_LIBRARIES = YES;
				BUNDLE_LOADER = "$(TEST_HOST)";
				CODE_SIGN_STYLE = Automatic;
				DEVELOPMENT_TEAM = 8ER86CP2SB;
				INFOPLIST_FILE = "table-header-layoutTests/Info.plist";
				IPHONEOS_DEPLOYMENT_TARGET = 13.2;
				LD_RUNPATH_SEARCH_PATHS = (
					"$(inherited)",
					"@executable_path/Frameworks",
					"@loader_path/Frameworks",
				);
				PRODUCT_BUNDLE_IDENTIFIER = "com.moca.sample.table-header-layoutTests";
				PRODUCT_NAME = "$(TARGET_NAME)";
				SWIFT_VERSION = 5.0;
				TARGETED_DEVICE_FAMILY = "1,2";
				TEST_HOST = "$(BUILT_PRODUCTS_DIR)/table-header-layout.app/table-header-layout";
			};
			name = Debug;
		};
		B68E09E12404CF4F00A8F2F0 /* Release */ = {
			isa = XCBuildConfiguration;
			buildSettings = {
				ALWAYS_EMBED_SWIFT_STANDARD_LIBRARIES = YES;
				BUNDLE_LOADER = "$(TEST_HOST)";
				CODE_SIGN_STYLE = Automatic;
				DEVELOPMENT_TEAM = 8ER86CP2SB;
				INFOPLIST_FILE = "table-header-layoutTests/Info.plist";
				IPHONEOS_DEPLOYMENT_TARGET = 13.2;
				LD_RUNPATH_SEARCH_PATHS = (
					"$(inherited)",
					"@executable_path/Frameworks",
					"@loader_path/Frameworks",
				);
				PRODUCT_BUNDLE_IDENTIFIER = "com.moca.sample.table-header-layoutTests";
				PRODUCT_NAME = "$(TARGET_NAME)";
				SWIFT_VERSION = 5.0;
				TARGETED_DEVICE_FAMILY = "1,2";
				TEST_HOST = "$(BUILT_PRODUCTS_DIR)/table-header-layout.app/table-header-layout";
			};
			name = Release;
		};
		B68E09E32404CF4F00A8F2F0 /* Debug */ = {
			isa = XCBuildConfiguration;
			buildSettings = {
				ALWAYS_EMBED_SWIFT_STANDARD_LIBRARIES = YES;
				CODE_SIGN_STYLE = Automatic;
				DEVELOPMENT_TEAM = 8ER86CP2SB;
				INFOPLIST_FILE = "table-header-layoutUITests/Info.plist";
				LD_RUNPATH_SEARCH_PATHS = (
					"$(inherited)",
					"@executable_path/Frameworks",
					"@loader_path/Frameworks",
				);
				PRODUCT_BUNDLE_IDENTIFIER = "com.moca.sample.table-header-layoutUITests";
				PRODUCT_NAME = "$(TARGET_NAME)";
				SWIFT_VERSION = 5.0;
				TARGETED_DEVICE_FAMILY = "1,2";
				TEST_TARGET_NAME = "table-header-layout";
			};
			name = Debug;
		};
		B68E09E42404CF4F00A8F2F0 /* Release */ = {
			isa = XCBuildConfiguration;
			buildSettings = {
				ALWAYS_EMBED_SWIFT_STANDARD_LIBRARIES = YES;
				CODE_SIGN_STYLE = Automatic;
				DEVELOPMENT_TEAM = 8ER86CP2SB;
				INFOPLIST_FILE = "table-header-layoutUITests/Info.plist";
				LD_RUNPATH_SEARCH_PATHS = (
					"$(inherited)",
					"@executable_path/Frameworks",
					"@loader_path/Frameworks",
				);
				PRODUCT_BUNDLE_IDENTIFIER = "com.moca.sample.table-header-layoutUITests";
				PRODUCT_NAME = "$(TARGET_NAME)";
				SWIFT_VERSION = 5.0;
				TARGETED_DEVICE_FAMILY = "1,2";
				TEST_TARGET_NAME = "table-header-layout";
			};
			name = Release;
		};
/* End XCBuildConfiguration section */

/* Begin XCConfigurationList section */
		B68E09AD2404CF4D00A8F2F0 /* Build configuration list for PBXProject "table-header-layout" */ = {
			isa = XCConfigurationList;
			buildConfigurations = (
				B68E09DA2404CF4F00A8F2F0 /* Debug */,
				B68E09DB2404CF4F00A8F2F0 /* Release */,
			);
			defaultConfigurationIsVisible = 0;
			defaultConfigurationName = Release;
		};
		B68E09DC2404CF4F00A8F2F0 /* Build configuration list for PBXNativeTarget "table-header-layout" */ = {
			isa = XCConfigurationList;
			buildConfigurations = (
				B68E09DD2404CF4F00A8F2F0 /* Debug */,
				B68E09DE2404CF4F00A8F2F0 /* Release */,
			);
			defaultConfigurationIsVisible = 0;
			defaultConfigurationName = Release;
		};
		B68E09DF2404CF4F00A8F2F0 /* Build configuration list for PBXNativeTarget "table-header-layoutTests" */ = {
			isa = XCConfigurationList;
			buildConfigurations = (
				B68E09E02404CF4F00A8F2F0 /* Debug */,
				B68E09E12404CF4F00A8F2F0 /* Release */,
			);
			defaultConfigurationIsVisible = 0;
			defaultConfigurationName = Release;
		};
		B68E09E22404CF4F00A8F2F0 /* Build configuration list for PBXNativeTarget "table-header-layoutUITests" */ = {
			isa = XCConfigurationList;
			buildConfigurations = (
				B68E09E32404CF4F00A8F2F0 /* Debug */,
				B68E09E42404CF4F00A8F2F0 /* Release */,
			);
			defaultConfigurationIsVisible = 0;
			defaultConfigurationName = Release;
		};
/* End XCConfigurationList section */
	};
	rootObject = B68E09AA2404CF4D00A8F2F0 /* Project object */;
}
